// !$*UTF8*$!
{
	archiveVersion = 1;
	classes = {
	};
	objectVersion = 50;
	objects = {

/* Begin PBXBuildFile section */
		4329D1DD294FE3AA00063DE1 /* AppDelegate.swift in Sources */ = {isa = PBXBuildFile; fileRef = 4329D1DC294FE3AA00063DE1 /* AppDelegate.swift */; };
		4329D1DF294FE3AA00063DE1 /* SceneDelegate.swift in Sources */ = {isa = PBXBuildFile; fileRef = 4329D1DE294FE3AA00063DE1 /* SceneDelegate.swift */; };
		4329D1E1294FE3AA00063DE1 /* ViewController.swift in Sources */ = {isa = PBXBuildFile; fileRef = 4329D1E0294FE3AA00063DE1 /* ViewController.swift */; };
		4329D1E4294FE3AA00063DE1 /* Main.storyboard in Resources */ = {isa = PBXBuildFile; fileRef = 4329D1E2294FE3AA00063DE1 /* Main.storyboard */; };
		4329D1E6294FE3AD00063DE1 /* Assets.xcassets in Resources */ = {isa = PBXBuildFile; fileRef = 4329D1E5294FE3AD00063DE1 /* Assets.xcassets */; };
		4329D1E9294FE3AD00063DE1 /* LaunchScreen.storyboard in Resources */ = {isa = PBXBuildFile; fileRef = 4329D1E7294FE3AD00063DE1 /* LaunchScreen.storyboard */; };
		4329D1F4294FE3AD00063DE1 /* NewsAppTests.swift in Sources */ = {isa = PBXBuildFile; fileRef = 4329D1F3294FE3AD00063DE1 /* NewsAppTests.swift */; };
		4329D1FF294FE3AD00063DE1 /* NewsAppUITests.swift in Sources */ = {isa = PBXBuildFile; fileRef = 4329D1FE294FE3AD00063DE1 /* NewsAppUITests.swift */; };
/* End PBXBuildFile section */

/* Begin PBXContainerItemProxy section */
		4329D1F0294FE3AD00063DE1 /* PBXContainerItemProxy */ = {
			isa = PBXContainerItemProxy;
			containerPortal = 4329D1D1294FE3AA00063DE1 /* Project object */;
			proxyType = 1;
			remoteGlobalIDString = 4329D1D8294FE3AA00063DE1;
			remoteInfo = NewsApp;
		};
		4329D1FB294FE3AD00063DE1 /* PBXContainerItemProxy */ = {
			isa = PBXContainerItemProxy;
			containerPortal = 4329D1D1294FE3AA00063DE1 /* Project object */;
			proxyType = 1;
			remoteGlobalIDString = 4329D1D8294FE3AA00063DE1;
			remoteInfo = NewsApp;
		};
/* End PBXContainerItemProxy section */

/* Begin PBXFileReference section */
		4329D1D9294FE3AA00063DE1 /* NewsApp.app */ = {isa = PBXFileReference; explicitFileType = wrapper.application; includeInIndex = 0; path = NewsApp.app; sourceTree = BUILT_PRODUCTS_DIR; };
		4329D1DC294FE3AA00063DE1 /* AppDelegate.swift */ = {isa = PBXFileReference; lastKnownFileType = sourcecode.swift; path = AppDelegate.swift; sourceTree = "<group>"; };
		4329D1DE294FE3AA00063DE1 /* SceneDelegate.swift */ = {isa = PBXFileReference; lastKnownFileType = sourcecode.swift; path = SceneDelegate.swift; sourceTree = "<group>"; };
		4329D1E0294FE3AA00063DE1 /* ViewController.swift */ = {isa = PBXFileReference; lastKnownFileType = sourcecode.swift; path = ViewController.swift; sourceTree = "<group>"; };
		4329D1E3294FE3AA00063DE1 /* Base */ = {isa = PBXFileReference; lastKnownFileType = file.storyboard; name = Base; path = Base.lproj/Main.storyboard; sourceTree = "<group>"; };
		4329D1E5294FE3AD00063DE1 /* Assets.xcassets */ = {isa = PBXFileReference; lastKnownFileType = folder.assetcatalog; path = Assets.xcassets; sourceTree = "<group>"; };
		4329D1E8294FE3AD00063DE1 /* Base */ = {isa = PBXFileReference; lastKnownFileType = file.storyboard; name = Base; path = Base.lproj/LaunchScreen.storyboard; sourceTree = "<group>"; };
		4329D1EA294FE3AD00063DE1 /* Info.plist */ = {isa = PBXFileReference; lastKnownFileType = text.plist.xml; path = Info.plist; sourceTree = "<group>"; };
		4329D1EF294FE3AD00063DE1 /* NewsAppTests.xctest */ = {isa = PBXFileReference; explicitFileType = wrapper.cfbundle; includeInIndex = 0; path = NewsAppTests.xctest; sourceTree = BUILT_PRODUCTS_DIR; };
		4329D1F3294FE3AD00063DE1 /* NewsAppTests.swift */ = {isa = PBXFileReference; lastKnownFileType = sourcecode.swift; path = NewsAppTests.swift; sourceTree = "<group>"; };
		4329D1F5294FE3AD00063DE1 /* Info.plist */ = {isa = PBXFileReference; lastKnownFileType = text.plist.xml; path = Info.plist; sourceTree = "<group>"; };
		4329D1FA294FE3AD00063DE1 /* NewsAppUITests.xctest */ = {isa = PBXFileReference; explicitFileType = wrapper.cfbundle; includeInIndex = 0; path = NewsAppUITests.xctest; sourceTree = BUILT_PRODUCTS_DIR; };
		4329D1FE294FE3AD00063DE1 /* NewsAppUITests.swift */ = {isa = PBXFileReference; lastKnownFileType = sourcecode.swift; path = NewsAppUITests.swift; sourceTree = "<group>"; };
		4329D200294FE3AD00063DE1 /* Info.plist */ = {isa = PBXFileReference; lastKnownFileType = text.plist.xml; path = Info.plist; sourceTree = "<group>"; };
/* End PBXFileReference section */

/* Begin PBXFrameworksBuildPhase section */
		4329D1D6294FE3AA00063DE1 /* Frameworks */ = {
			isa = PBXFrameworksBuildPhase;
			buildActionMask = 2147483647;
			files = (
			);
			runOnlyForDeploymentPostprocessing = 0;
		};
		4329D1EC294FE3AD00063DE1 /* Frameworks */ = {
			isa = PBXFrameworksBuildPhase;
			buildActionMask = 2147483647;
			files = (
			);
			runOnlyForDeploymentPostprocessing = 0;
		};
		4329D1F7294FE3AD00063DE1 /* Frameworks */ = {
			isa = PBXFrameworksBuildPhase;
			buildActionMask = 2147483647;
			files = (
			);
			runOnlyForDeploymentPostprocessing = 0;
		};
/* End PBXFrameworksBuildPhase section */

/* Begin PBXGroup section */
		4329D1D0294FE3AA00063DE1 = {
			isa = PBXGroup;
			children = (
				4329D1DB294FE3AA00063DE1 /* NewsApp */,
				4329D1F2294FE3AD00063DE1 /* NewsAppTests */,
				4329D1FD294FE3AD00063DE1 /* NewsAppUITests */,
				4329D1DA294FE3AA00063DE1 /* Products */,
			);
			sourceTree = "<group>";
		};
		4329D1DA294FE3AA00063DE1 /* Products */ = {
			isa = PBXGroup;
			children = (
				4329D1D9294FE3AA00063DE1 /* NewsApp.app */,
				4329D1EF294FE3AD00063DE1 /* NewsAppTests.xctest */,
				4329D1FA294FE3AD00063DE1 /* NewsAppUITests.xctest */,
			);
			name = Products;
			sourceTree = "<group>";
		};
		4329D1DB294FE3AA00063DE1 /* NewsApp */ = {
			isa = PBXGroup;
			children = (
				4329D1DC294FE3AA00063DE1 /* AppDelegate.swift */,
				4329D1DE294FE3AA00063DE1 /* SceneDelegate.swift */,
				4329D1E0294FE3AA00063DE1 /* ViewController.swift */,
				4329D1E2294FE3AA00063DE1 /* Main.storyboard */,
				4329D1E5294FE3AD00063DE1 /* Assets.xcassets */,
				4329D1E7294FE3AD00063DE1 /* LaunchScreen.storyboard */,
				4329D1EA294FE3AD00063DE1 /* Info.plist */,
			);
			path = NewsApp;
			sourceTree = "<group>";
		};
		4329D1F2294FE3AD00063DE1 /* NewsAppTests */ = {
			isa = PBXGroup;
			children = (
				4329D1F3294FE3AD00063DE1 /* NewsAppTests.swift */,
				4329D1F5294FE3AD00063DE1 /* Info.plist */,
			);
			path = NewsAppTests;
			sourceTree = "<group>";
		};
		4329D1FD294FE3AD00063DE1 /* NewsAppUITests */ = {
			isa = PBXGroup;
			children = (
				4329D1FE294FE3AD00063DE1 /* NewsAppUITests.swift */,
				4329D200294FE3AD00063DE1 /* Info.plist */,
			);
			path = NewsAppUITests;
			sourceTree = "<group>";
		};
/* End PBXGroup section */

/* Begin PBXNativeTarget section */
		4329D1D8294FE3AA00063DE1 /* NewsApp */ = {
			isa = PBXNativeTarget;
			buildConfigurationList = 4329D203294FE3AD00063DE1 /* Build configuration list for PBXNativeTarget "NewsApp" */;
			buildPhases = (
				4329D1D5294FE3AA00063DE1 /* Sources */,
				4329D1D6294FE3AA00063DE1 /* Frameworks */,
				4329D1D7294FE3AA00063DE1 /* Resources */,
			);
			buildRules = (
			);
			dependencies = (
			);
			name = NewsApp;
			productName = NewsApp;
			productReference = 4329D1D9294FE3AA00063DE1 /* NewsApp.app */;
			productType = "com.apple.product-type.application";
		};
		4329D1EE294FE3AD00063DE1 /* NewsAppTests */ = {
			isa = PBXNativeTarget;
			buildConfigurationList = 4329D206294FE3AD00063DE1 /* Build configuration list for PBXNativeTarget "NewsAppTests" */;
			buildPhases = (
				4329D1EB294FE3AD00063DE1 /* Sources */,
				4329D1EC294FE3AD00063DE1 /* Frameworks */,
				4329D1ED294FE3AD00063DE1 /* Resources */,
			);
			buildRules = (
			);
			dependencies = (
				4329D1F1294FE3AD00063DE1 /* PBXTargetDependency */,
			);
			name = NewsAppTests;
			productName = NewsAppTests;
			productReference = 4329D1EF294FE3AD00063DE1 /* NewsAppTests.xctest */;
			productType = "com.apple.product-type.bundle.unit-test";
		};
		4329D1F9294FE3AD00063DE1 /* NewsAppUITests */ = {
			isa = PBXNativeTarget;
			buildConfigurationList = 4329D209294FE3AD00063DE1 /* Build configuration list for PBXNativeTarget "NewsAppUITests" */;
			buildPhases = (
				4329D1F6294FE3AD00063DE1 /* Sources */,
				4329D1F7294FE3AD00063DE1 /* Frameworks */,
				4329D1F8294FE3AD00063DE1 /* Resources */,
			);
			buildRules = (
			);
			dependencies = (
				4329D1FC294FE3AD00063DE1 /* PBXTargetDependency */,
			);
			name = NewsAppUITests;
			productName = NewsAppUITests;
			productReference = 4329D1FA294FE3AD00063DE1 /* NewsAppUITests.xctest */;
			productType = "com.apple.product-type.bundle.ui-testing";
		};
/* End PBXNativeTarget section */

/* Begin PBXProject section */
		4329D1D1294FE3AA00063DE1 /* Project object */ = {
			isa = PBXProject;
			attributes = {
				LastSwiftUpdateCheck = 1240;
				LastUpgradeCheck = 1240;
				TargetAttributes = {
					4329D1D8294FE3AA00063DE1 = {
						CreatedOnToolsVersion = 12.4;
					};
					4329D1EE294FE3AD00063DE1 = {
						CreatedOnToolsVersion = 12.4;
						TestTargetID = 4329D1D8294FE3AA00063DE1;
					};
					4329D1F9294FE3AD00063DE1 = {
						CreatedOnToolsVersion = 12.4;
						TestTargetID = 4329D1D8294FE3AA00063DE1;
					};
				};
			};
			buildConfigurationList = 4329D1D4294FE3AA00063DE1 /* Build configuration list for PBXProject "NewsApp" */;
			compatibilityVersion = "Xcode 9.3";
			developmentRegion = en;
			hasScannedForEncodings = 0;
			knownRegions = (
				en,
				Base,
			);
			mainGroup = 4329D1D0294FE3AA00063DE1;
			productRefGroup = 4329D1DA294FE3AA00063DE1 /* Products */;
			projectDirPath = "";
			projectRoot = "";
			targets = (
				4329D1D8294FE3AA00063DE1 /* NewsApp */,
				4329D1EE294FE3AD00063DE1 /* NewsAppTests */,
				4329D1F9294FE3AD00063DE1 /* NewsAppUITests */,
			);
		};
/* End PBXProject section */

/* Begin PBXResourcesBuildPhase section */
		4329D1D7294FE3AA00063DE1 /* Resources */ = {
			isa = PBXResourcesBuildPhase;
			buildActionMask = 2147483647;
			files = (
				4329D1E9294FE3AD00063DE1 /* LaunchScreen.storyboard in Resources */,
				4329D1E6294FE3AD00063DE1 /* Assets.xcassets in Resources */,
				4329D1E4294FE3AA00063DE1 /* Main.storyboard in Resources */,
			);
			runOnlyForDeploymentPostprocessing = 0;
		};
		4329D1ED294FE3AD00063DE1 /* Resources */ = {
			isa = PBXResourcesBuildPhase;
			buildActionMask = 2147483647;
			files = (
			);
			runOnlyForDeploymentPostprocessing = 0;
		};
		4329D1F8294FE3AD00063DE1 /* Resources */ = {
			isa = PBXResourcesBuildPhase;
			buildActionMask = 2147483647;
			files = (
			);
			runOnlyForDeploymentPostprocessing = 0;
		};
/* End PBXResourcesBuildPhase section */

/* Begin PBXSourcesBuildPhase section */
		4329D1D5294FE3AA00063DE1 /* Sources */ = {
			isa = PBXSourcesBuildPhase;
			buildActionMask = 2147483647;
			files = (
				4329D1E1294FE3AA00063DE1 /* ViewController.swift in Sources */,
				4329D1DD294FE3AA00063DE1 /* AppDelegate.swift in Sources */,
				4329D1DF294FE3AA00063DE1 /* SceneDelegate.swift in Sources */,
			);
			runOnlyForDeploymentPostprocessing = 0;
		};
		4329D1EB294FE3AD00063DE1 /* Sources */ = {
			isa = PBXSourcesBuildPhase;
			buildActionMask = 2147483647;
			files = (
				4329D1F4294FE3AD00063DE1 /* NewsAppTests.swift in Sources */,
			);
			runOnlyForDeploymentPostprocessing = 0;
		};
		4329D1F6294FE3AD00063DE1 /* Sources */ = {
			isa = PBXSourcesBuildPhase;
			buildActionMask = 2147483647;
			files = (
				4329D1FF294FE3AD00063DE1 /* NewsAppUITests.swift in Sources */,
			);
			runOnlyForDeploymentPostprocessing = 0;
		};
/* End PBXSourcesBuildPhase section */

/* Begin PBXTargetDependency section */
		4329D1F1294FE3AD00063DE1 /* PBXTargetDependency */ = {
			isa = PBXTargetDependency;
			target = 4329D1D8294FE3AA00063DE1 /* NewsApp */;
			targetProxy = 4329D1F0294FE3AD00063DE1 /* PBXContainerItemProxy */;
		};
		4329D1FC294FE3AD00063DE1 /* PBXTargetDependency */ = {
			isa = PBXTargetDependency;
			target = 4329D1D8294FE3AA00063DE1 /* NewsApp */;
			targetProxy = 4329D1FB294FE3AD00063DE1 /* PBXContainerItemProxy */;
		};
/* End PBXTargetDependency section */

/* Begin PBXVariantGroup section */
		4329D1E2294FE3AA00063DE1 /* Main.storyboard */ = {
			isa = PBXVariantGroup;
			children = (
				4329D1E3294FE3AA00063DE1 /* Base */,
			);
			name = Main.storyboard;
			sourceTree = "<group>";
		};
		4329D1E7294FE3AD00063DE1 /* LaunchScreen.storyboard */ = {
			isa = PBXVariantGroup;
			children = (
				4329D1E8294FE3AD00063DE1 /* Base */,
			);
			name = LaunchScreen.storyboard;
			sourceTree = "<group>";
		};
/* End PBXVariantGroup section */

/* Begin XCBuildConfiguration section */
		4329D201294FE3AD00063DE1 /* Debug */ = {
			isa = XCBuildConfiguration;
			buildSettings = {
				ALWAYS_SEARCH_USER_PATHS = NO;
				CLANG_ANALYZER_NONNULL = YES;
				CLANG_ANALYZER_NUMBER_OBJECT_CONVERSION = YES_AGGRESSIVE;
				CLANG_CXX_LANGUAGE_STANDARD = "gnu++14";
				CLANG_CXX_LIBRARY = "libc++";
				CLANG_ENABLE_MODULES = YES;
				CLANG_ENABLE_OBJC_ARC = YES;
				CLANG_ENABLE_OBJC_WEAK = YES;
				CLANG_WARN_BLOCK_CAPTURE_AUTORELEASING = YES;
				CLANG_WARN_BOOL_CONVERSION = YES;
				CLANG_WARN_COMMA = YES;
				CLANG_WARN_CONSTANT_CONVERSION = YES;
				CLANG_WARN_DEPRECATED_OBJC_IMPLEMENTATIONS = YES;
				CLANG_WARN_DIRECT_OBJC_ISA_USAGE = YES_ERROR;
				CLANG_WARN_DOCUMENTATION_COMMENTS = YES;
				CLANG_WARN_EMPTY_BODY = YES;
				CLANG_WARN_ENUM_CONVERSION = YES;
				CLANG_WARN_INFINITE_RECURSION = YES;
				CLANG_WARN_INT_CONVERSION = YES;
				CLANG_WARN_NON_LITERAL_NULL_CONVERSION = YES;
				CLANG_WARN_OBJC_IMPLICIT_RETAIN_SELF = YES;
				CLANG_WARN_OBJC_LITERAL_CONVERSION = YES;
				CLANG_WARN_OBJC_ROOT_CLASS = YES_ERROR;
				CLANG_WARN_QUOTED_INCLUDE_IN_FRAMEWORK_HEADER = YES;
				CLANG_WARN_RANGE_LOOP_ANALYSIS = YES;
				CLANG_WARN_STRICT_PROTOTYPES = YES;
				CLANG_WARN_SUSPICIOUS_MOVE = YES;
				CLANG_WARN_UNGUARDED_AVAILABILITY = YES_AGGRESSIVE;
				CLANG_WARN_UNREACHABLE_CODE = YES;
				CLANG_WARN__DUPLICATE_METHOD_MATCH = YES;
				COPY_PHASE_STRIP = NO;
				DEBUG_INFORMATION_FORMAT = dwarf;
				ENABLE_STRICT_OBJC_MSGSEND = YES;
				ENABLE_TESTABILITY = YES;
				GCC_C_LANGUAGE_STANDARD = gnu11;
				GCC_DYNAMIC_NO_PIC = NO;
				GCC_NO_COMMON_BLOCKS = YES;
				GCC_OPTIMIZATION_LEVEL = 0;
				GCC_PREPROCESSOR_DEFINITIONS = (
					"DEBUG=1",
					"$(inherited)",
				);
				GCC_WARN_64_TO_32_BIT_CONVERSION = YES;
				GCC_WARN_ABOUT_RETURN_TYPE = YES_ERROR;
				GCC_WARN_UNDECLARED_SELECTOR = YES;
				GCC_WARN_UNINITIALIZED_AUTOS = YES_AGGRESSIVE;
				GCC_WARN_UNUSED_FUNCTION = YES;
				GCC_WARN_UNUSED_VARIABLE = YES;
				IPHONEOS_DEPLOYMENT_TARGET = 14.4;
				MTL_ENABLE_DEBUG_INFO = INCLUDE_SOURCE;
				MTL_FAST_MATH = YES;
				ONLY_ACTIVE_ARCH = YES;
				SDKROOT = iphoneos;
				SWIFT_ACTIVE_COMPILATION_CONDITIONS = DEBUG;
				SWIFT_OPTIMIZATION_LEVEL = "-Onone";
			};
			name = Debug;
		};
		4329D202294FE3AD00063DE1 /* Release */ = {
			isa = XCBuildConfiguration;
			buildSettings = {
				ALWAYS_SEARCH_USER_PATHS = NO;
				CLANG_ANALYZER_NONNULL = YES;
				CLANG_ANALYZER_NUMBER_OBJECT_CONVERSION = YES_AGGRESSIVE;
				CLANG_CXX_LANGUAGE_STANDARD = "gnu++14";
				CLANG_CXX_LIBRARY = "libc++";
				CLANG_ENABLE_MODULES = YES;
				CLANG_ENABLE_OBJC_ARC = YES;
				CLANG_ENABLE_OBJC_WEAK = YES;
				CLANG_WARN_BLOCK_CAPTURE_AUTORELEASING = YES;
				CLANG_WARN_BOOL_CONVERSION = YES;
				CLANG_WARN_COMMA = YES;
				CLANG_WARN_CONSTANT_CONVERSION = YES;
				CLANG_WARN_DEPRECATED_OBJC_IMPLEMENTATIONS = YES;
				CLANG_WARN_DIRECT_OBJC_ISA_USAGE = YES_ERROR;
				CLANG_WARN_DOCUMENTATION_COMMENTS = YES;
				CLANG_WARN_EMPTY_BODY = YES;
				CLANG_WARN_ENUM_CONVERSION = YES;
				CLANG_WARN_INFINITE_RECURSION = YES;
				CLANG_WARN_INT_CONVERSION = YES;
				CLANG_WARN_NON_LITERAL_NULL_CONVERSION = YES;
				CLANG_WARN_OBJC_IMPLICIT_RETAIN_SELF = YES;
				CLANG_WARN_OBJC_LITERAL_CONVERSION = YES;
				CLANG_WARN_OBJC_ROOT_CLASS = YES_ERROR;
				CLANG_WARN_QUOTED_INCLUDE_IN_FRAMEWORK_HEADER = YES;
				CLANG_WARN_RANGE_LOOP_ANALYSIS = YES;
				CLANG_WARN_STRICT_PROTOTYPES = YES;
				CLANG_WARN_SUSPICIOUS_MOVE = YES;
				CLANG_WARN_UNGUARDED_AVAILABILITY = YES_AGGRESSIVE;
				CLANG_WARN_UNREACHABLE_CODE = YES;
				CLANG_WARN__DUPLICATE_METHOD_MATCH = YES;
				COPY_PHASE_STRIP = NO;
				DEBUG_INFORMATION_FORMAT = "dwarf-with-dsym";
				ENABLE_NS_ASSERTIONS = NO;
				ENABLE_STRICT_OBJC_MSGSEND = YES;
				GCC_C_LANGUAGE_STANDARD = gnu11;
				GCC_NO_COMMON_BLOCKS = YES;
				GCC_WARN_64_TO_32_BIT_CONVERSION = YES;
				GCC_WARN_ABOUT_RETURN_TYPE = YES_ERROR;
				GCC_WARN_UNDECLARED_SELECTOR = YES;
				GCC_WARN_UNINITIALIZED_AUTOS = YES_AGGRESSIVE;
				GCC_WARN_UNUSED_FUNCTION = YES;
				GCC_WARN_UNUSED_VARIABLE = YES;
				IPHONEOS_DEPLOYMENT_TARGET = 14.4;
				MTL_ENABLE_DEBUG_INFO = NO;
				MTL_FAST_MATH = YES;
				SDKROOT = iphoneos;
				SWIFT_COMPILATION_MODE = wholemodule;
				SWIFT_OPTIMIZATION_LEVEL = "-O";
				VALIDATE_PRODUCT = YES;
			};
			name = Release;
		};
		4329D204294FE3AD00063DE1 /* Debug */ = {
			isa = XCBuildConfiguration;
			buildSettings = {
				ASSETCATALOG_COMPILER_APPICON_NAME = AppIcon;
				ASSETCATALOG_COMPILER_GLOBAL_ACCENT_COLOR_NAME = AccentColor;
				CODE_SIGN_STYLE = Automatic;
				INFOPLIST_FILE = NewsApp/Info.plist;
				LD_RUNPATH_SEARCH_PATHS = (
					"$(inherited)",
					"@executable_path/Frameworks",
				);
				PRODUCT_BUNDLE_IDENTIFIER = com.twopinedesign.NewsApp;
				PRODUCT_NAME = "$(TARGET_NAME)";
				SWIFT_VERSION = 5.0;
				TARGETED_DEVICE_FAMILY = "1,2";
			};
			name = Debug;
		};
		4329D205294FE3AD00063DE1 /* Release */ = {
			isa = XCBuildConfiguration;
			buildSettings = {
				ASSETCATALOG_COMPILER_APPICON_NAME = AppIcon;
				ASSETCATALOG_COMPILER_GLOBAL_ACCENT_COLOR_NAME = AccentColor;
				CODE_SIGN_STYLE = Automatic;
				INFOPLIST_FILE = NewsApp/Info.plist;
				LD_RUNPATH_SEARCH_PATHS = (
					"$(inherited)",
					"@executable_path/Frameworks",
				);
				PRODUCT_BUNDLE_IDENTIFIER = com.twopinedesign.NewsApp;
				PRODUCT_NAME = "$(TARGET_NAME)";
				SWIFT_VERSION = 5.0;
				TARGETED_DEVICE_FAMILY = "1,2";
			};
			name = Release;
		};
		4329D207294FE3AD00063DE1 /* Debug */ = {
			isa = XCBuildConfiguration;
			buildSettings = {
				ALWAYS_EMBED_SWIFT_STANDARD_LIBRARIES = YES;
				BUNDLE_LOADER = "$(TEST_HOST)";
				CODE_SIGN_STYLE = Automatic;
				INFOPLIST_FILE = NewsAppTests/Info.plist;
				IPHONEOS_DEPLOYMENT_TARGET = 14.4;
				LD_RUNPATH_SEARCH_PATHS = (
					"$(inherited)",
					"@executable_path/Frameworks",
					"@loader_path/Frameworks",
				);
				PRODUCT_BUNDLE_IDENTIFIER = com.twopinedesign.NewsAppTests;
				PRODUCT_NAME = "$(TARGET_NAME)";
				SWIFT_VERSION = 5.0;
				TARGETED_DEVICE_FAMILY = "1,2";
				TEST_HOST = "$(BUILT_PRODUCTS_DIR)/NewsApp.app/NewsApp";
			};
			name = Debug;
		};
		4329D208294FE3AD00063DE1 /* Release */ = {
			isa = XCBuildConfiguration;
			buildSettings = {
				ALWAYS_EMBED_SWIFT_STANDARD_LIBRARIES = YES;
				BUNDLE_LOADER = "$(TEST_HOST)";
				CODE_SIGN_STYLE = Automatic;
				INFOPLIST_FILE = NewsAppTests/Info.plist;
				IPHONEOS_DEPLOYMENT_TARGET = 14.4;
				LD_RUNPATH_SEARCH_PATHS = (
					"$(inherited)",
					"@executable_path/Frameworks",
					"@loader_path/Frameworks",
				);
				PRODUCT_BUNDLE_IDENTIFIER = com.twopinedesign.NewsAppTests;
				PRODUCT_NAME = "$(TARGET_NAME)";
				SWIFT_VERSION = 5.0;
				TARGETED_DEVICE_FAMILY = "1,2";
				TEST_HOST = "$(BUILT_PRODUCTS_DIR)/NewsApp.app/NewsApp";
			};
			name = Release;
		};
		4329D20A294FE3AD00063DE1 /* Debug */ = {
			isa = XCBuildConfiguration;
			buildSettings = {
				ALWAYS_EMBED_SWIFT_STANDARD_LIBRARIES = YES;
				CODE_SIGN_STYLE = Automatic;
				INFOPLIST_FILE = NewsAppUITests/Info.plist;
				LD_RUNPATH_SEARCH_PATHS = (
					"$(inherited)",
					"@executable_path/Frameworks",
					"@loader_path/Frameworks",
				);
				PRODUCT_BUNDLE_IDENTIFIER = com.twopinedesign.NewsAppUITests;
				PRODUCT_NAME = "$(TARGET_NAME)";
				SWIFT_VERSION = 5.0;
				TARGETED_DEVICE_FAMILY = "1,2";
				TEST_TARGET_NAME = NewsApp;
			};
			name = Debug;
		};
		4329D20B294FE3AD00063DE1 /* Release */ = {
			isa = XCBuildConfiguration;
			buildSettings = {
				ALWAYS_EMBED_SWIFT_STANDARD_LIBRARIES = YES;
				CODE_SIGN_STYLE = Automatic;
				INFOPLIST_FILE = NewsAppUITests/Info.plist;
				LD_RUNPATH_SEARCH_PATHS = (
					"$(inherited)",
					"@executable_path/Frameworks",
					"@loader_path/Frameworks",
				);
				PRODUCT_BUNDLE_IDENTIFIER = com.twopinedesign.NewsAppUITests;
				PRODUCT_NAME = "$(TARGET_NAME)";
				SWIFT_VERSION = 5.0;
				TARGETED_DEVICE_FAMILY = "1,2";
				TEST_TARGET_NAME = NewsApp;
			};
			name = Release;
		};
/* End XCBuildConfiguration section */

/* Begin XCConfigurationList section */
		4329D1D4294FE3AA00063DE1 /* Build configuration list for PBXProject "NewsApp" */ = {
			isa = XCConfigurationList;
			buildConfigurations = (
				4329D201294FE3AD00063DE1 /* Debug */,
				4329D202294FE3AD00063DE1 /* Release */,
			);
			defaultConfigurationIsVisible = 0;
			defaultConfigurationName = Release;
		};
		4329D203294FE3AD00063DE1 /* Build configuration list for PBXNativeTarget "NewsApp" */ = {
			isa = XCConfigurationList;
			buildConfigurations = (
				4329D204294FE3AD00063DE1 /* Debug */,
				4329D205294FE3AD00063DE1 /* Release */,
			);
			defaultConfigurationIsVisible = 0;
			defaultConfigurationName = Release;
		};
		4329D206294FE3AD00063DE1 /* Build configuration list for PBXNativeTarget "NewsAppTests" */ = {
			isa = XCConfigurationList;
			buildConfigurations = (
				4329D207294FE3AD00063DE1 /* Debug */,
				4329D208294FE3AD00063DE1 /* Release */,
			);
			defaultConfigurationIsVisible = 0;
			defaultConfigurationName = Release;
		};
		4329D209294FE3AD00063DE1 /* Build configuration list for PBXNativeTarget "NewsAppUITests" */ = {
			isa = XCConfigurationList;
			buildConfigurations = (
				4329D20A294FE3AD00063DE1 /* Debug */,
				4329D20B294FE3AD00063DE1 /* Release */,
			);
			defaultConfigurationIsVisible = 0;
			defaultConfigurationName = Release;
		};
/* End XCConfigurationList section */
	};
	rootObject = 4329D1D1294FE3AA00063DE1 /* Project object */;
}
